# generated by rye
# use `rye lock` or `rye sync` to update this lockfile
#
# last locked with the following flags:
#   pre: false
#   features: []
#   all-features: false
#   with-sources: false
#   generate-hashes: false
#   universal: true

asgiref==3.8.1
    # via django
attrs==25.3.0
    # via jsonschema
    # via referencing
colorama==0.4.6 ; sys_platform == 'win32'
    # via pytest
coverage==7.8.0
    # via pytest-cov
django==5.2
    # via django-components
    # via djangorestframework
    # via djangorestframework-simplejwt
    # via drf-extensions
    # via drf-spectacular
django-components==0.139.1
djangorestframework==3.16.0
    # via djangorestframework-simplejwt
    # via drf-extensions
    # via drf-spectacular
djangorestframework-simplejwt==5.5.0
djc-core-html-parser==1.0.2
    # via django-components
drf-extensions==0.8.0
drf-spectacular==0.28.0
execnet==2.1.1
    # via pytest-xdist
inflection==0.5.1
    # via drf-spectacular
iniconfig==2.1.0
    # via pytest
jsonschema==4.23.0
    # via drf-spectacular
jsonschema-specifications==2025.4.1
    # via jsonschema
packaging==25.0
    # via drf-extensions
    # via pytest
pluggy==1.5.0
    # via pytest
pyjwt==2.9.0
    # via djangorestframework-simplejwt
pytest==8.3.5
    # via pytest-cov
    # via pytest-django
    # via pytest-socket
    # via pytest-xdist
pytest-cov==6.1.1
pytest-django==4.11.1
pytest-socket==0.7.0
pytest-xdist==3.6.1
pyyaml==6.0.2
    # via drf-spectacular
referencing==0.36.2
    # via jsonschema
    # via jsonschema-specifications
rpds-py==0.24.0
    # via jsonschema
    # via referencing
sqlparse==0.5.3
    # via django
typing-extensions==4.13.2
    # via django-components
    # via referencing
tzdata==2025.2 ; sys_platform == 'win32'
    # via django
uritemplate==4.1.1
    # via drf-spectacular
